
Microsoft Visual Studio Solution File, Format Version 12.00
# Visual Studio Version 17
VisualStudioVersion = 17.8.34330.188
MinimumVisualStudioVersion = 10.0.40219.1
Project("{9A19103F-16F7-4668-BE54-9A1E7A4F7556}") = "Talabat", "Talabat.csproj", "{58F4302E-7DCA-4B96-B798-9186ECD60168}"
EndProject
Project("{9A19103F-16F7-4668-BE54-9A1E7A4F7556}") = "Talabat.core", "..\Talabat.core\Talabat.core.csproj", "{8896B37A-BC7B-423C-AB2A-5BD4280A56CD}"
EndProject
Project("{9A19103F-16F7-4668-BE54-9A1E7A4F7556}") = "Talabat.Repository", "..\Talabat.Repositery\Talabat.Repository.csproj", "{17A1227B-7E89-4B9F-892C-3E091F8FA93A}"
EndProject
Project("{9A19103F-16F7-4668-BE54-9A1E7A4F7556}") = "Talabat.Service", "..\Talabat.Service\Talabat.Service.csproj", "{89113714-4870-42CB-9B0D-A7426F760C24}"
EndProject
Global
	GlobalSection(SolutionConfigurationPlatforms) = preSolution
		Debug|Any CPU = Debug|Any CPU
		Release|Any CPU = Release|Any CPU
	EndGlobalSection
	GlobalSection(ProjectConfigurationPlatforms) = postSolution
		{58F4302E-7DCA-4B96-B798-9186ECD60168}.Debug|Any CPU.ActiveCfg = Debug|Any CPU
		{58F4302E-7DCA-4B96-B798-9186ECD60168}.Debug|Any CPU.Build.0 = Debug|Any CPU
		{58F4302E-7DCA-4B96-B798-9186ECD60168}.Release|Any CPU.ActiveCfg = Release|Any CPU
		{58F4302E-7DCA-4B96-B798-9186ECD60168}.Release|Any CPU.Build.0 = Release|Any CPU
		{8896B37A-BC7B-423C-AB2A-5BD4280A56CD}.Debug|Any CPU.ActiveCfg = Debug|Any CPU
		{8896B37A-BC7B-423C-AB2A-5BD4280A56CD}.Debug|Any CPU.Build.0 = Debug|Any CPU
		{8896B37A-BC7B-423C-AB2A-5BD4280A56CD}.Release|Any CPU.ActiveCfg = Release|Any CPU
		{8896B37A-BC7B-423C-AB2A-5BD4280A56CD}.Release|Any CPU.Build.0 = Release|Any CPU
		{17A1227B-7E89-4B9F-892C-3E091F8FA93A}.Debug|Any CPU.ActiveCfg = Debug|Any CPU
		{17A1227B-7E89-4B9F-892C-3E091F8FA93A}.Debug|Any CPU.Build.0 = Debug|Any CPU
		{17A1227B-7E89-4B9F-892C-3E091F8FA93A}.Release|Any CPU.ActiveCfg = Release|Any CPU
		{17A1227B-7E89-4B9F-892C-3E091F8FA93A}.Release|Any CPU.Build.0 = Release|Any CPU
		{89113714-4870-42CB-9B0D-A7426F760C24}.Debug|Any CPU.ActiveCfg = Debug|Any CPU
		{89113714-4870-42CB-9B0D-A7426F760C24}.Debug|Any CPU.Build.0 = Debug|Any CPU
		{89113714-4870-42CB-9B0D-A7426F760C24}.Release|Any CPU.ActiveCfg = Release|Any CPU
		{89113714-4870-42CB-9B0D-A7426F760C24}.Release|Any CPU.Build.0 = Release|Any CPU
	EndGlobalSection
	GlobalSection(SolutionProperties) = preSolution
		HideSolutionNode = FALSE
	EndGlobalSection
	GlobalSection(ExtensibilityGlobals) = postSolution
		SolutionGuid = {17EAC2C5-1C53-4BE5-873E-68ED833DE426}
	EndGlobalSection
EndGlobal
